
Microsoft Visual Studio Solution File, Format Version 12.00
# Visual Studio Version 17
VisualStudioVersion = 17.3.32922.545
MinimumVisualStudioVersion = 10.0.40219.1
Project("{9A19103F-16F7-4668-BE54-9A1E7A4F7556}") = "SQLite", "SQLite\SQLite.csproj", "{4854B83F-8F9A-4713-A5CB-97FD1AF46057}"
EndProject
Project("{9A19103F-16F7-4668-BE54-9A1E7A4F7556}") = "Executable", "Executable\Executable.csproj", "{967D2B2F-487F-4537-86E2-F026267C0B53}"
EndProject
Global
	GlobalSection(SolutionConfigurationPlatforms) = preSolution
		Debug|Any CPU = Debug|Any CPU
		Release|Any CPU = Release|Any CPU
	EndGlobalSection
	GlobalSection(ProjectConfigurationPlatforms) = postSolution
		{4854B83F-8F9A-4713-A5CB-97FD1AF46057}.Debug|Any CPU.ActiveCfg = Debug|Any CPU
		{4854B83F-8F9A-4713-A5CB-97FD1AF46057}.Debug|Any CPU.Build.0 = Debug|Any CPU
		{4854B83F-8F9A-4713-A5CB-97FD1AF46057}.Release|Any CPU.ActiveCfg = Release|Any CPU
		{4854B83F-8F9A-4713-A5CB-97FD1AF46057}.Release|Any CPU.Build.0 = Release|Any CPU
		{967D2B2F-487F-4537-86E2-F026267C0B53}.Debug|Any CPU.ActiveCfg = Debug|Any CPU
		{967D2B2F-487F-4537-86E2-F026267C0B53}.Debug|Any CPU.Build.0 = Debug|Any CPU
		{967D2B2F-487F-4537-86E2-F026267C0B53}.Release|Any CPU.ActiveCfg = Release|Any CPU
		{967D2B2F-487F-4537-86E2-F026267C0B53}.Release|Any CPU.Build.0 = Release|Any CPU
	EndGlobalSection
	GlobalSection(SolutionProperties) = preSolution
		HideSolutionNode = FALSE
	EndGlobalSection
	GlobalSection(ExtensibilityGlobals) = postSolution
		SolutionGuid = {96504EAA-C7C8-4737-A2DF-6748447DDDDA}
	EndGlobalSection
EndGlobal
